// !$*UTF8*$!
{
	archiveVersion = 1;
	classes = {
	};
	objectVersion = 54;
	objects = {

/* Begin PBXBuildFile section */
		835AEC8F1D80DD800046555C /* AppDelegate.swift in Sources */ = {isa = PBXBuildFile; fileRef = 835AEC8E1D80DD800046555C /* AppDelegate.swift */; };
		835AEC911D80DD800046555C /* ViewController.swift in Sources */ = {isa = PBXBuildFile; fileRef = 835AEC901D80DD800046555C /* ViewController.swift */; };
		835AEC941D80DD800046555C /* Main.storyboard in Resources */ = {isa = PBXBuildFile; fileRef = 835AEC921D80DD800046555C /* Main.storyboard */; };
		835AEC961D80DD800046555C /* Assets.xcassets in Resources */ = {isa = PBXBuildFile; fileRef = 835AEC951D80DD800046555C /* Assets.xcassets */; };
		835AECBD1D80ED8F0046555C /* RomanNumeral.swift in Sources */ = {isa = PBXBuildFile; fileRef = 835AECBC1D80ED8F0046555C /* RomanNumeral.swift */; };
		A91340121DE008F2005ED9CA /* LaunchScreen.xib in Resources */ = {isa = PBXBuildFile; fileRef = A91340101DE008F2005ED9CA /* LaunchScreen.xib */; };
		E77726EC2C70943500A3F125 /* RomanNumeralCalculatorTests.swift in Sources */ = {isa = PBXBuildFile; fileRef = E77726EB2C70943500A3F125 /* RomanNumeralCalculatorTests.swift */; };
		E77726F92C70948400A3F125 /* RomanNumeralCalculatorUITests.swift in Sources */ = {isa = PBXBuildFile; fileRef = E77726F82C70948400A3F125 /* RomanNumeralCalculatorUITests.swift */; };
		E77726FB2C70948400A3F125 /* RomanNumeralCalculatorUITestsLaunchTests.swift in Sources */ = {isa = PBXBuildFile; fileRef = E77726FA2C70948400A3F125 /* RomanNumeralCalculatorUITestsLaunchTests.swift */; };
/* End PBXBuildFile section */

/* Begin PBXContainerItemProxy section */
		E77726ED2C70943500A3F125 /* PBXContainerItemProxy */ = {
			isa = PBXContainerItemProxy;
			containerPortal = 835AEC831D80DD7F0046555C /* Project object */;
			proxyType = 1;
			remoteGlobalIDString = 835AEC8A1D80DD7F0046555C;
			remoteInfo = RomanNumeralCalculator;
		};
		E77726FC2C70948400A3F125 /* PBXContainerItemProxy */ = {
			isa = PBXContainerItemProxy;
			containerPortal = 835AEC831D80DD7F0046555C /* Project object */;
			proxyType = 1;
			remoteGlobalIDString = 835AEC8A1D80DD7F0046555C;
			remoteInfo = RomanNumeralCalculator;
		};
/* End PBXContainerItemProxy section */

/* Begin PBXFileReference section */
		835AEC8B1D80DD800046555C /* RomanNumeralCalculator.app */ = {isa = PBXFileReference; explicitFileType = wrapper.application; includeInIndex = 0; path = RomanNumeralCalculator.app; sourceTree = BUILT_PRODUCTS_DIR; };
		835AEC8E1D80DD800046555C /* AppDelegate.swift */ = {isa = PBXFileReference; lastKnownFileType = sourcecode.swift; path = AppDelegate.swift; sourceTree = "<group>"; };
		835AEC901D80DD800046555C /* ViewController.swift */ = {isa = PBXFileReference; lastKnownFileType = sourcecode.swift; path = ViewController.swift; sourceTree = "<group>"; };
		835AEC931D80DD800046555C /* Base */ = {isa = PBXFileReference; lastKnownFileType = file.storyboard; name = Base; path = Base.lproj/Main.storyboard; sourceTree = "<group>"; };
		835AEC951D80DD800046555C /* Assets.xcassets */ = {isa = PBXFileReference; lastKnownFileType = folder.assetcatalog; path = Assets.xcassets; sourceTree = "<group>"; };
		835AEC9A1D80DD800046555C /* Info.plist */ = {isa = PBXFileReference; lastKnownFileType = text.plist.xml; path = Info.plist; sourceTree = "<group>"; };
		835AECBC1D80ED8F0046555C /* RomanNumeral.swift */ = {isa = PBXFileReference; fileEncoding = 4; lastKnownFileType = sourcecode.swift; path = RomanNumeral.swift; sourceTree = "<group>"; };
		A91340111DE008F2005ED9CA /* Base */ = {isa = PBXFileReference; lastKnownFileType = file.xib; name = Base; path = Base.lproj/LaunchScreen.xib; sourceTree = "<group>"; };
		E77726E92C70943500A3F125 /* RomanNumeralCalculatorTests.xctest */ = {isa = PBXFileReference; explicitFileType = wrapper.cfbundle; includeInIndex = 0; path = RomanNumeralCalculatorTests.xctest; sourceTree = BUILT_PRODUCTS_DIR; };
		E77726EB2C70943500A3F125 /* RomanNumeralCalculatorTests.swift */ = {isa = PBXFileReference; lastKnownFileType = sourcecode.swift; path = RomanNumeralCalculatorTests.swift; sourceTree = "<group>"; };
		E77726F62C70948400A3F125 /* RomanNumeralCalculatorUITests.xctest */ = {isa = PBXFileReference; explicitFileType = wrapper.cfbundle; includeInIndex = 0; path = RomanNumeralCalculatorUITests.xctest; sourceTree = BUILT_PRODUCTS_DIR; };
		E77726F82C70948400A3F125 /* RomanNumeralCalculatorUITests.swift */ = {isa = PBXFileReference; lastKnownFileType = sourcecode.swift; path = RomanNumeralCalculatorUITests.swift; sourceTree = "<group>"; };
		E77726FA2C70948400A3F125 /* RomanNumeralCalculatorUITestsLaunchTests.swift */ = {isa = PBXFileReference; lastKnownFileType = sourcecode.swift; path = RomanNumeralCalculatorUITestsLaunchTests.swift; sourceTree = "<group>"; };
/* End PBXFileReference section */

/* Begin PBXFrameworksBuildPhase section */
		835AEC881D80DD7F0046555C /* Frameworks */ = {
			isa = PBXFrameworksBuildPhase;
			buildActionMask = 2147483647;
			files = (
			);
			runOnlyForDeploymentPostprocessing = 0;
		};
		E77726E62C70943500A3F125 /* Frameworks */ = {
			isa = PBXFrameworksBuildPhase;
			buildActionMask = 2147483647;
			files = (
			);
			runOnlyForDeploymentPostprocessing = 0;
		};
		E77726F32C70948400A3F125 /* Frameworks */ = {
			isa = PBXFrameworksBuildPhase;
			buildActionMask = 2147483647;
			files = (
			);
			runOnlyForDeploymentPostprocessing = 0;
		};
/* End PBXFrameworksBuildPhase section */

/* Begin PBXGroup section */
		835AEC821D80DD7F0046555C = {
			isa = PBXGroup;
			children = (
				835AEC8D1D80DD800046555C /* RomanNumeralCalculator */,
				E77726EA2C70943500A3F125 /* RomanNumeralCalculatorTests */,
				E77726F72C70948400A3F125 /* RomanNumeralCalculatorUITests */,
				835AEC8C1D80DD800046555C /* Products */,
			);
			sourceTree = "<group>";
		};
		835AEC8C1D80DD800046555C /* Products */ = {
			isa = PBXGroup;
			children = (
				835AEC8B1D80DD800046555C /* RomanNumeralCalculator.app */,
				E77726E92C70943500A3F125 /* RomanNumeralCalculatorTests.xctest */,
				E77726F62C70948400A3F125 /* RomanNumeralCalculatorUITests.xctest */,
			);
			name = Products;
			sourceTree = "<group>";
		};
		835AEC8D1D80DD800046555C /* RomanNumeralCalculator */ = {
			isa = PBXGroup;
			children = (
				835AEC8E1D80DD800046555C /* AppDelegate.swift */,
				835AEC901D80DD800046555C /* ViewController.swift */,
				835AECBC1D80ED8F0046555C /* RomanNumeral.swift */,
				835AEC951D80DD800046555C /* Assets.xcassets */,
				835AEC921D80DD800046555C /* Main.storyboard */,
				A91340101DE008F2005ED9CA /* LaunchScreen.xib */,
				835AEC9A1D80DD800046555C /* Info.plist */,
			);
			path = RomanNumeralCalculator;
			sourceTree = "<group>";
		};
		E77726EA2C70943500A3F125 /* RomanNumeralCalculatorTests */ = {
			isa = PBXGroup;
			children = (
				E77726EB2C70943500A3F125 /* RomanNumeralCalculatorTests.swift */,
			);
			path = RomanNumeralCalculatorTests;
			sourceTree = "<group>";
		};
		E77726F72C70948400A3F125 /* RomanNumeralCalculatorUITests */ = {
			isa = PBXGroup;
			children = (
				E77726F82C70948400A3F125 /* RomanNumeralCalculatorUITests.swift */,
				E77726FA2C70948400A3F125 /* RomanNumeralCalculatorUITestsLaunchTests.swift */,
			);
			path = RomanNumeralCalculatorUITests;
			sourceTree = "<group>";
		};
/* End PBXGroup section */

/* Begin PBXNativeTarget section */
		835AEC8A1D80DD7F0046555C /* RomanNumeralCalculator */ = {
			isa = PBXNativeTarget;
			buildConfigurationList = 835AECB31D80DD800046555C /* Build configuration list for PBXNativeTarget "RomanNumeralCalculator" */;
			buildPhases = (
				835AEC871D80DD7F0046555C /* Sources */,
				835AEC881D80DD7F0046555C /* Frameworks */,
				835AEC891D80DD7F0046555C /* Resources */,
			);
			buildRules = (
			);
			dependencies = (
			);
			name = RomanNumeralCalculator;
			productName = RomanNumeralCalculator;
			productReference = 835AEC8B1D80DD800046555C /* RomanNumeralCalculator.app */;
			productType = "com.apple.product-type.application";
		};
		E77726E82C70943500A3F125 /* RomanNumeralCalculatorTests */ = {
			isa = PBXNativeTarget;
			buildConfigurationList = E77726F12C70943500A3F125 /* Build configuration list for PBXNativeTarget "RomanNumeralCalculatorTests" */;
			buildPhases = (
				E77726E52C70943500A3F125 /* Sources */,
				E77726E62C70943500A3F125 /* Frameworks */,
				E77726E72C70943500A3F125 /* Resources */,
			);
			buildRules = (
			);
			dependencies = (
				E77726EE2C70943500A3F125 /* PBXTargetDependency */,
			);
			name = RomanNumeralCalculatorTests;
			productName = RomanNumeralCalculatorTests;
			productReference = E77726E92C70943500A3F125 /* RomanNumeralCalculatorTests.xctest */;
			productType = "com.apple.product-type.bundle.unit-test";
		};
		E77726F52C70948400A3F125 /* RomanNumeralCalculatorUITests */ = {
			isa = PBXNativeTarget;
			buildConfigurationList = E77726FE2C70948400A3F125 /* Build configuration list for PBXNativeTarget "RomanNumeralCalculatorUITests" */;
			buildPhases = (
				E77726F22C70948400A3F125 /* Sources */,
				E77726F32C70948400A3F125 /* Frameworks */,
				E77726F42C70948400A3F125 /* Resources */,
			);
			buildRules = (
			);
			dependencies = (
				E77726FD2C70948400A3F125 /* PBXTargetDependency */,
			);
			name = RomanNumeralCalculatorUITests;
			productName = RomanNumeralCalculatorUITests;
			productReference = E77726F62C70948400A3F125 /* RomanNumeralCalculatorUITests.xctest */;
			productType = "com.apple.product-type.bundle.ui-testing";
		};
/* End PBXNativeTarget section */

/* Begin PBXProject section */
		835AEC831D80DD7F0046555C /* Project object */ = {
			isa = PBXProject;
			attributes = {
				BuildIndependentTargetsInParallel = YES;
				LastSwiftUpdateCheck = 1540;
				LastUpgradeCheck = 1540;
				ORGANIZATIONNAME = buddybuild;
				TargetAttributes = {
					835AEC8A1D80DD7F0046555C = {
						CreatedOnToolsVersion = 7.3;
						LastSwiftMigration = "";
					};
					E77726E82C70943500A3F125 = {
						CreatedOnToolsVersion = 15.4;
						TestTargetID = 835AEC8A1D80DD7F0046555C;
					};
					E77726F52C70948400A3F125 = {
						CreatedOnToolsVersion = 15.4;
						TestTargetID = 835AEC8A1D80DD7F0046555C;
					};
				};
			};
			buildConfigurationList = 835AEC861D80DD7F0046555C /* Build configuration list for PBXProject "RomanNumeralCalculator" */;
			compatibilityVersion = "Xcode 3.2";
			developmentRegion = en;
			hasScannedForEncodings = 0;
			knownRegions = (
				en,
				Base,
			);
			mainGroup = 835AEC821D80DD7F0046555C;
			productRefGroup = 835AEC8C1D80DD800046555C /* Products */;
			projectDirPath = "";
			projectRoot = "";
			targets = (
				835AEC8A1D80DD7F0046555C /* RomanNumeralCalculator */,
				E77726E82C70943500A3F125 /* RomanNumeralCalculatorTests */,
				E77726F52C70948400A3F125 /* RomanNumeralCalculatorUITests */,
			);
		};
/* End PBXProject section */

/* Begin PBXResourcesBuildPhase section */
		835AEC891D80DD7F0046555C /* Resources */ = {
			isa = PBXResourcesBuildPhase;
			buildActionMask = 2147483647;
			files = (
				835AEC961D80DD800046555C /* Assets.xcassets in Resources */,
				A91340121DE008F2005ED9CA /* LaunchScreen.xib in Resources */,
				835AEC941D80DD800046555C /* Main.storyboard in Resources */,
			);
			runOnlyForDeploymentPostprocessing = 0;
		};
		E77726E72C70943500A3F125 /* Resources */ = {
			isa = PBXResourcesBuildPhase;
			buildActionMask = 2147483647;
			files = (
			);
			runOnlyForDeploymentPostprocessing = 0;
		};
		E77726F42C70948400A3F125 /* Resources */ = {
			isa = PBXResourcesBuildPhase;
			buildActionMask = 2147483647;
			files = (
			);
			runOnlyForDeploymentPostprocessing = 0;
		};
/* End PBXResourcesBuildPhase section */

/* Begin PBXSourcesBuildPhase section */
		835AEC871D80DD7F0046555C /* Sources */ = {
			isa = PBXSourcesBuildPhase;
			buildActionMask = 2147483647;
			files = (
				835AEC911D80DD800046555C /* ViewController.swift in Sources */,
				835AECBD1D80ED8F0046555C /* RomanNumeral.swift in Sources */,
				835AEC8F1D80DD800046555C /* AppDelegate.swift in Sources */,
			);
			runOnlyForDeploymentPostprocessing = 0;
		};
		E77726E52C70943500A3F125 /* Sources */ = {
			isa = PBXSourcesBuildPhase;
			buildActionMask = 2147483647;
			files = (
				E77726EC2C70943500A3F125 /* RomanNumeralCalculatorTests.swift in Sources */,
			);
			runOnlyForDeploymentPostprocessing = 0;
		};
		E77726F22C70948400A3F125 /* Sources */ = {
			isa = PBXSourcesBuildPhase;
			buildActionMask = 2147483647;
			files = (
				E77726F92C70948400A3F125 /* RomanNumeralCalculatorUITests.swift in Sources */,
				E77726FB2C70948400A3F125 /* RomanNumeralCalculatorUITestsLaunchTests.swift in Sources */,
			);
			runOnlyForDeploymentPostprocessing = 0;
		};
/* End PBXSourcesBuildPhase section */

/* Begin PBXTargetDependency section */
		E77726EE2C70943500A3F125 /* PBXTargetDependency */ = {
			isa = PBXTargetDependency;
			target = 835AEC8A1D80DD7F0046555C /* RomanNumeralCalculator */;
			targetProxy = E77726ED2C70943500A3F125 /* PBXContainerItemProxy */;
		};
		E77726FD2C70948400A3F125 /* PBXTargetDependency */ = {
			isa = PBXTargetDependency;
			target = 835AEC8A1D80DD7F0046555C /* RomanNumeralCalculator */;
			targetProxy = E77726FC2C70948400A3F125 /* PBXContainerItemProxy */;
		};
/* End PBXTargetDependency section */

/* Begin PBXVariantGroup section */
		835AEC921D80DD800046555C /* Main.storyboard */ = {
			isa = PBXVariantGroup;
			children = (
				835AEC931D80DD800046555C /* Base */,
			);
			name = Main.storyboard;
			sourceTree = "<group>";
		};
		A91340101DE008F2005ED9CA /* LaunchScreen.xib */ = {
			isa = PBXVariantGroup;
			children = (
				A91340111DE008F2005ED9CA /* Base */,
			);
			name = LaunchScreen.xib;
			sourceTree = "<group>";
		};
/* End PBXVariantGroup section */

/* Begin XCBuildConfiguration section */
		835AECB11D80DD800046555C /* Debug */ = {
			isa = XCBuildConfiguration;
			buildSettings = {
				ALWAYS_SEARCH_USER_PATHS = NO;
				CLANG_ANALYZER_LOCALIZABILITY_NONLOCALIZED = YES;
				CLANG_ANALYZER_NONNULL = YES;
				CLANG_CXX_LANGUAGE_STANDARD = "gnu++0x";
				CLANG_CXX_LIBRARY = "libc++";
				CLANG_ENABLE_MODULES = YES;
				CLANG_ENABLE_OBJC_ARC = YES;
				CLANG_WARN_BLOCK_CAPTURE_AUTORELEASING = YES;
				CLANG_WARN_BOOL_CONVERSION = YES;
				CLANG_WARN_COMMA = YES;
				CLANG_WARN_CONSTANT_CONVERSION = YES;
				CLANG_WARN_DEPRECATED_OBJC_IMPLEMENTATIONS = YES;
				CLANG_WARN_DIRECT_OBJC_ISA_USAGE = YES_ERROR;
				CLANG_WARN_EMPTY_BODY = YES;
				CLANG_WARN_ENUM_CONVERSION = YES;
				CLANG_WARN_INFINITE_RECURSION = YES;
				CLANG_WARN_INT_CONVERSION = YES;
				CLANG_WARN_NON_LITERAL_NULL_CONVERSION = YES;
				CLANG_WARN_OBJC_IMPLICIT_RETAIN_SELF = YES;
				CLANG_WARN_OBJC_LITERAL_CONVERSION = YES;
				CLANG_WARN_OBJC_ROOT_CLASS = YES_ERROR;
				CLANG_WARN_QUOTED_INCLUDE_IN_FRAMEWORK_HEADER = YES;
				CLANG_WARN_RANGE_LOOP_ANALYSIS = YES;
				CLANG_WARN_STRICT_PROTOTYPES = YES;
				CLANG_WARN_SUSPICIOUS_MOVE = YES;
				CLANG_WARN_UNREACHABLE_CODE = YES;
				CLANG_WARN__DUPLICATE_METHOD_MATCH = YES;
				"CODE_SIGN_IDENTITY[sdk=iphoneos*]" = "iPhone Developer";
				COPY_PHASE_STRIP = NO;
				DEBUG_INFORMATION_FORMAT = dwarf;
				ENABLE_STRICT_OBJC_MSGSEND = YES;
				ENABLE_TESTABILITY = YES;
				ENABLE_USER_SCRIPT_SANDBOXING = YES;
				GCC_C_LANGUAGE_STANDARD = gnu99;
				GCC_DYNAMIC_NO_PIC = NO;
				GCC_NO_COMMON_BLOCKS = YES;
				GCC_OPTIMIZATION_LEVEL = 0;
				GCC_PREPROCESSOR_DEFINITIONS = (
					"DEBUG=1",
					"$(inherited)",
				);
				GCC_WARN_64_TO_32_BIT_CONVERSION = YES;
				GCC_WARN_ABOUT_RETURN_TYPE = YES_ERROR;
				GCC_WARN_UNDECLARED_SELECTOR = YES;
				GCC_WARN_UNINITIALIZED_AUTOS = YES_AGGRESSIVE;
				GCC_WARN_UNUSED_FUNCTION = YES;
				GCC_WARN_UNUSED_VARIABLE = YES;
				IPHONEOS_DEPLOYMENT_TARGET = 12.0;
				MTL_ENABLE_DEBUG_INFO = YES;
				ONLY_ACTIVE_ARCH = YES;
				PRODUCT_BUNDLE_IDENTIFIER = UdacityRomanNumericalCalculator;
				SDKROOT = iphoneos;
				SWIFT_OPTIMIZATION_LEVEL = "-Onone";
				TARGETED_DEVICE_FAMILY = "1,2";
			};
			name = Debug;
		};
		835AECB21D80DD800046555C /* Release */ = {
			isa = XCBuildConfiguration;
			buildSettings = {
				ALWAYS_SEARCH_USER_PATHS = NO;
				CLANG_ANALYZER_LOCALIZABILITY_NONLOCALIZED = YES;
				CLANG_ANALYZER_NONNULL = YES;
				CLANG_CXX_LANGUAGE_STANDARD = "gnu++0x";
				CLANG_CXX_LIBRARY = "libc++";
				CLANG_ENABLE_MODULES = YES;
				CLANG_ENABLE_OBJC_ARC = YES;
				CLANG_WARN_BLOCK_CAPTURE_AUTORELEASING = YES;
				CLANG_WARN_BOOL_CONVERSION = YES;
				CLANG_WARN_COMMA = YES;
				CLANG_WARN_CONSTANT_CONVERSION = YES;
				CLANG_WARN_DEPRECATED_OBJC_IMPLEMENTATIONS = YES;
				CLANG_WARN_DIRECT_OBJC_ISA_USAGE = YES_ERROR;
				CLANG_WARN_EMPTY_BODY = YES;
				CLANG_WARN_ENUM_CONVERSION = YES;
				CLANG_WARN_INFINITE_RECURSION = YES;
				CLANG_WARN_INT_CONVERSION = YES;
				CLANG_WARN_NON_LITERAL_NULL_CONVERSION = YES;
				CLANG_WARN_OBJC_IMPLICIT_RETAIN_SELF = YES;
				CLANG_WARN_OBJC_LITERAL_CONVERSION = YES;
				CLANG_WARN_OBJC_ROOT_CLASS = YES_ERROR;
				CLANG_WARN_QUOTED_INCLUDE_IN_FRAMEWORK_HEADER = YES;
				CLANG_WARN_RANGE_LOOP_ANALYSIS = YES;
				CLANG_WARN_STRICT_PROTOTYPES = YES;
				CLANG_WARN_SUSPICIOUS_MOVE = YES;
				CLANG_WARN_UNREACHABLE_CODE = YES;
				CLANG_WARN__DUPLICATE_METHOD_MATCH = YES;
				"CODE_SIGN_IDENTITY[sdk=iphoneos*]" = "iPhone Developer";
				COPY_PHASE_STRIP = NO;
				DEBUG_INFORMATION_FORMAT = "dwarf-with-dsym";
				ENABLE_NS_ASSERTIONS = NO;
				ENABLE_STRICT_OBJC_MSGSEND = YES;
				ENABLE_USER_SCRIPT_SANDBOXING = YES;
				GCC_C_LANGUAGE_STANDARD = gnu99;
				GCC_NO_COMMON_BLOCKS = YES;
				GCC_WARN_64_TO_32_BIT_CONVERSION = YES;
				GCC_WARN_ABOUT_RETURN_TYPE = YES_ERROR;
				GCC_WARN_UNDECLARED_SELECTOR = YES;
				GCC_WARN_UNINITIALIZED_AUTOS = YES_AGGRESSIVE;
				GCC_WARN_UNUSED_FUNCTION = YES;
				GCC_WARN_UNUSED_VARIABLE = YES;
				IPHONEOS_DEPLOYMENT_TARGET = 12.0;
				MTL_ENABLE_DEBUG_INFO = NO;
				PRODUCT_BUNDLE_IDENTIFIER = UdacityRomanNumericalCalculator;
				SDKROOT = iphoneos;
				SWIFT_COMPILATION_MODE = wholemodule;
				SWIFT_OPTIMIZATION_LEVEL = "-O";
				TARGETED_DEVICE_FAMILY = "1,2";
				VALIDATE_PRODUCT = YES;
			};
			name = Release;
		};
		835AECB41D80DD800046555C /* Debug */ = {
			isa = XCBuildConfiguration;
			buildSettings = {
				ASSETCATALOG_COMPILER_APPICON_NAME = AppIcon;
				CODE_SIGN_IDENTITY = "iPhone Developer";
				"CODE_SIGN_IDENTITY[sdk=iphoneos*]" = "iPhone Developer";
				DEVELOPMENT_TEAM = "";
				FRAMEWORK_SEARCH_PATHS = (
					"$(inherited)",
					"$(PROJECT_DIR)",
				);
				INFOPLIST_FILE = RomanNumeralCalculator/Info.plist;
				LD_RUNPATH_SEARCH_PATHS = (
					"$(inherited)",
					"@executable_path/Frameworks",
				);
				MACOSX_DEPLOYMENT_TARGET = "$(RECOMMENDED_MACOSX_DEPLOYMENT_TARGET)";
				PRODUCT_BUNDLE_IDENTIFIER = com.buddybuild.udacity.RomanNumeralCalculator;
				PRODUCT_NAME = "$(TARGET_NAME)";
				PROVISIONING_PROFILE = "";
				SWIFT_INSTALL_OBJC_HEADER = NO;
				SWIFT_VERSION = 4.0;
			};
			name = Debug;
		};
		835AECB51D80DD800046555C /* Release */ = {
			isa = XCBuildConfiguration;
			buildSettings = {
				ASSETCATALOG_COMPILER_APPICON_NAME = AppIcon;
				CODE_SIGN_IDENTITY = "iPhone Developer";
				"CODE_SIGN_IDENTITY[sdk=iphoneos*]" = "iPhone Developer";
				DEVELOPMENT_TEAM = "";
				FRAMEWORK_SEARCH_PATHS = (
					"$(inherited)",
					"$(PROJECT_DIR)",
				);
				INFOPLIST_FILE = RomanNumeralCalculator/Info.plist;
				LD_RUNPATH_SEARCH_PATHS = (
					"$(inherited)",
					"@executable_path/Frameworks",
				);
				MACOSX_DEPLOYMENT_TARGET = "$(RECOMMENDED_MACOSX_DEPLOYMENT_TARGET)";
				PRODUCT_BUNDLE_IDENTIFIER = com.buddybuild.udacity.RomanNumeralCalculator;
				PRODUCT_NAME = "$(TARGET_NAME)";
				PROVISIONING_PROFILE = "";
				SWIFT_INSTALL_OBJC_HEADER = NO;
				SWIFT_VERSION = 4.0;
			};
			name = Release;
		};
		E77726EF2C70943500A3F125 /* Debug */ = {
			isa = XCBuildConfiguration;
			buildSettings = {
				ASSETCATALOG_COMPILER_GENERATE_SWIFT_ASSET_SYMBOL_EXTENSIONS = YES;
				BUNDLE_LOADER = "$(TEST_HOST)";
				CLANG_ANALYZER_NUMBER_OBJECT_CONVERSION = YES_AGGRESSIVE;
				CLANG_CXX_LANGUAGE_STANDARD = "gnu++20";
				CLANG_ENABLE_OBJC_WEAK = YES;
				CLANG_WARN_DOCUMENTATION_COMMENTS = YES;
				CLANG_WARN_UNGUARDED_AVAILABILITY = YES_AGGRESSIVE;
				CODE_SIGN_STYLE = Automatic;
				CURRENT_PROJECT_VERSION = 1;
				GCC_C_LANGUAGE_STANDARD = gnu17;
				GENERATE_INFOPLIST_FILE = YES;
				IPHONEOS_DEPLOYMENT_TARGET = 17.5;
				LOCALIZATION_PREFERS_STRING_CATALOGS = YES;
				MARKETING_VERSION = 1.0;
				MTL_ENABLE_DEBUG_INFO = INCLUDE_SOURCE;
				MTL_FAST_MATH = YES;
				PRODUCT_BUNDLE_IDENTIFIER = Udacity.RomanNumeralCalculatorTests;
				PRODUCT_NAME = "$(TARGET_NAME)";
				SWIFT_ACTIVE_COMPILATION_CONDITIONS = "DEBUG $(inherited)";
				SWIFT_EMIT_LOC_STRINGS = NO;
				SWIFT_VERSION = 5.0;
				TARGETED_DEVICE_FAMILY = "1,2";
				TEST_HOST = "$(BUILT_PRODUCTS_DIR)/RomanNumeralCalculator.app/$(BUNDLE_EXECUTABLE_FOLDER_PATH)/RomanNumeralCalculator";
			};
			name = Debug;
		};
		E77726F02C70943500A3F125 /* Release */ = {
			isa = XCBuildConfiguration;
			buildSettings = {
				ASSETCATALOG_COMPILER_GENERATE_SWIFT_ASSET_SYMBOL_EXTENSIONS = YES;
				BUNDLE_LOADER = "$(TEST_HOST)";
				CLANG_ANALYZER_NUMBER_OBJECT_CONVERSION = YES_AGGRESSIVE;
				CLANG_CXX_LANGUAGE_STANDARD = "gnu++20";
				CLANG_ENABLE_OBJC_WEAK = YES;
				CLANG_WARN_DOCUMENTATION_COMMENTS = YES;
				CLANG_WARN_UNGUARDED_AVAILABILITY = YES_AGGRESSIVE;
				CODE_SIGN_STYLE = Automatic;
				CURRENT_PROJECT_VERSION = 1;
				GCC_C_LANGUAGE_STANDARD = gnu17;
				GENERATE_INFOPLIST_FILE = YES;
				IPHONEOS_DEPLOYMENT_TARGET = 17.5;
				LOCALIZATION_PREFERS_STRING_CATALOGS = YES;
				MARKETING_VERSION = 1.0;
				MTL_FAST_MATH = YES;
				PRODUCT_BUNDLE_IDENTIFIER = Udacity.RomanNumeralCalculatorTests;
				PRODUCT_NAME = "$(TARGET_NAME)";
				SWIFT_EMIT_LOC_STRINGS = NO;
				SWIFT_VERSION = 5.0;
				TARGETED_DEVICE_FAMILY = "1,2";
				TEST_HOST = "$(BUILT_PRODUCTS_DIR)/RomanNumeralCalculator.app/$(BUNDLE_EXECUTABLE_FOLDER_PATH)/RomanNumeralCalculator";
			};
			name = Release;
		};
		E77726FF2C70948400A3F125 /* Debug */ = {
			isa = XCBuildConfiguration;
			buildSettings = {
				ASSETCATALOG_COMPILER_GENERATE_SWIFT_ASSET_SYMBOL_EXTENSIONS = YES;
				CLANG_ANALYZER_NUMBER_OBJECT_CONVERSION = YES_AGGRESSIVE;
				CLANG_CXX_LANGUAGE_STANDARD = "gnu++20";
				CLANG_ENABLE_OBJC_WEAK = YES;
				CLANG_WARN_DOCUMENTATION_COMMENTS = YES;
				CLANG_WARN_UNGUARDED_AVAILABILITY = YES_AGGRESSIVE;
				CODE_SIGN_STYLE = Automatic;
				CURRENT_PROJECT_VERSION = 1;
				GCC_C_LANGUAGE_STANDARD = gnu17;
				GENERATE_INFOPLIST_FILE = YES;
				IPHONEOS_DEPLOYMENT_TARGET = 17.5;
				LOCALIZATION_PREFERS_STRING_CATALOGS = YES;
				MARKETING_VERSION = 1.0;
				MTL_ENABLE_DEBUG_INFO = INCLUDE_SOURCE;
				MTL_FAST_MATH = YES;
				PRODUCT_BUNDLE_IDENTIFIER = Udacity.RomanNumeralCalculatorUITests;
				PRODUCT_NAME = "$(TARGET_NAME)";
				SWIFT_ACTIVE_COMPILATION_CONDITIONS = "DEBUG $(inherited)";
				SWIFT_EMIT_LOC_STRINGS = NO;
				SWIFT_VERSION = 5.0;
				TARGETED_DEVICE_FAMILY = "1,2";
				TEST_TARGET_NAME = RomanNumeralCalculator;
			};
			name = Debug;
		};
		E77727002C70948400A3F125 /* Release */ = {
			isa = XCBuildConfiguration;
			buildSettings = {
				ASSETCATALOG_COMPILER_GENERATE_SWIFT_ASSET_SYMBOL_EXTENSIONS = YES;
				CLANG_ANALYZER_NUMBER_OBJECT_CONVERSION = YES_AGGRESSIVE;
				CLANG_CXX_LANGUAGE_STANDARD = "gnu++20";
				CLANG_ENABLE_OBJC_WEAK = YES;
				CLANG_WARN_DOCUMENTATION_COMMENTS = YES;
				CLANG_WARN_UNGUARDED_AVAILABILITY = YES_AGGRESSIVE;
				CODE_SIGN_STYLE = Automatic;
				CURRENT_PROJECT_VERSION = 1;
				GCC_C_LANGUAGE_STANDARD = gnu17;
				GENERATE_INFOPLIST_FILE = YES;
				IPHONEOS_DEPLOYMENT_TARGET = 17.5;
				LOCALIZATION_PREFERS_STRING_CATALOGS = YES;
				MARKETING_VERSION = 1.0;
				MTL_FAST_MATH = YES;
				PRODUCT_BUNDLE_IDENTIFIER = Udacity.RomanNumeralCalculatorUITests;
				PRODUCT_NAME = "$(TARGET_NAME)";
				SWIFT_EMIT_LOC_STRINGS = NO;
				SWIFT_VERSION = 5.0;
				TARGETED_DEVICE_FAMILY = "1,2";
				TEST_TARGET_NAME = RomanNumeralCalculator;
			};
			name = Release;
		};
/* End XCBuildConfiguration section */

/* Begin XCConfigurationList section */
		835AEC861D80DD7F0046555C /* Build configuration list for PBXProject "RomanNumeralCalculator" */ = {
			isa = XCConfigurationList;
			buildConfigurations = (
				835AECB11D80DD800046555C /* Debug */,
				835AECB21D80DD800046555C /* Release */,
			);
			defaultConfigurationIsVisible = 0;
			defaultConfigurationName = Release;
		};
		835AECB31D80DD800046555C /* Build configuration list for PBXNativeTarget "RomanNumeralCalculator" */ = {
			isa = XCConfigurationList;
			buildConfigurations = (
				835AECB41D80DD800046555C /* Debug */,
				835AECB51D80DD800046555C /* Release */,
			);
			defaultConfigurationIsVisible = 0;
			defaultConfigurationName = Release;
		};
		E77726F12C70943500A3F125 /* Build configuration list for PBXNativeTarget "RomanNumeralCalculatorTests" */ = {
			isa = XCConfigurationList;
			buildConfigurations = (
				E77726EF2C70943500A3F125 /* Debug */,
				E77726F02C70943500A3F125 /* Release */,
			);
			defaultConfigurationIsVisible = 0;
			defaultConfigurationName = Release;
		};
		E77726FE2C70948400A3F125 /* Build configuration list for PBXNativeTarget "RomanNumeralCalculatorUITests" */ = {
			isa = XCConfigurationList;
			buildConfigurations = (
				E77726FF2C70948400A3F125 /* Debug */,
				E77727002C70948400A3F125 /* Release */,
			);
			defaultConfigurationIsVisible = 0;
			defaultConfigurationName = Release;
		};
/* End XCConfigurationList section */
	};
	rootObject = 835AEC831D80DD7F0046555C /* Project object */;
}
